
Microsoft Visual Studio Solution File, Format Version 12.00
Project("{FAE04EC0-301F-11D3-BF4B-00C04F79EFBC}") = "OatmealDome.NinLib.CafeNus", "OatmealDome.NinLib.CafeNus\OatmealDome.NinLib.CafeNus.csproj", "{AEC81FCA-FE84-4DBA-81EA-C1DD15AA24A4}"
EndProject
Global
	GlobalSection(SolutionConfigurationPlatforms) = preSolution
		Debug|Any CPU = Debug|Any CPU
		Release|Any CPU = Release|Any CPU
	EndGlobalSection
	GlobalSection(ProjectConfigurationPlatforms) = postSolution
		{AEC81FCA-FE84-4DBA-81EA-C1DD15AA24A4}.Debug|Any CPU.ActiveCfg = Debug|Any CPU
		{AEC81FCA-FE84-4DBA-81EA-C1DD15AA24A4}.Debug|Any CPU.Build.0 = Debug|Any CPU
		{AEC81FCA-FE84-4DBA-81EA-C1DD15AA24A4}.Release|Any CPU.ActiveCfg = Release|Any CPU
		{AEC81FCA-FE84-4DBA-81EA-C1DD15AA24A4}.Release|Any CPU.Build.0 = Release|Any CPU
	EndGlobalSection
EndGlobal
